
Microsoft Visual Studio Solution File, Format Version 12.00
# Visual Studio Version 17
VisualStudioVersion = 17.4.33213.308
MinimumVisualStudioVersion = 10.0.40219.1
Project("{9A19103F-16F7-4668-BE54-9A1E7A4F7556}") = "MinecraftServerCreator", "MinecraftServerCreator\MinecraftServerCreator.csproj", "{FD54AC18-CC8B-4E28-9ECF-E788134B0AB2}"
EndProject
Project("{9A19103F-16F7-4668-BE54-9A1E7A4F7556}") = "ApiConsumer", "ApiConsumer\ApiConsumer.csproj", "{50AC96B9-61CD-45A6-B651-F2E114CE6151}"
EndProject
Project("{9A19103F-16F7-4668-BE54-9A1E7A4F7556}") = "Domain", "Domain\Domain.csproj", "{F5934997-E60C-40FE-8F1C-2494A0C2647A}"
EndProject
Global
	GlobalSection(SolutionConfigurationPlatforms) = preSolution
		Debug|Any CPU = Debug|Any CPU
		Release|Any CPU = Release|Any CPU
	EndGlobalSection
	GlobalSection(ProjectConfigurationPlatforms) = postSolution
		{FD54AC18-CC8B-4E28-9ECF-E788134B0AB2}.Debug|Any CPU.ActiveCfg = Debug|Any CPU
		{FD54AC18-CC8B-4E28-9ECF-E788134B0AB2}.Debug|Any CPU.Build.0 = Debug|Any CPU
		{FD54AC18-CC8B-4E28-9ECF-E788134B0AB2}.Release|Any CPU.ActiveCfg = Release|Any CPU
		{FD54AC18-CC8B-4E28-9ECF-E788134B0AB2}.Release|Any CPU.Build.0 = Release|Any CPU
		{50AC96B9-61CD-45A6-B651-F2E114CE6151}.Debug|Any CPU.ActiveCfg = Debug|Any CPU
		{50AC96B9-61CD-45A6-B651-F2E114CE6151}.Debug|Any CPU.Build.0 = Debug|Any CPU
		{50AC96B9-61CD-45A6-B651-F2E114CE6151}.Release|Any CPU.ActiveCfg = Release|Any CPU
		{50AC96B9-61CD-45A6-B651-F2E114CE6151}.Release|Any CPU.Build.0 = Release|Any CPU
		{F5934997-E60C-40FE-8F1C-2494A0C2647A}.Debug|Any CPU.ActiveCfg = Debug|Any CPU
		{F5934997-E60C-40FE-8F1C-2494A0C2647A}.Debug|Any CPU.Build.0 = Debug|Any CPU
		{F5934997-E60C-40FE-8F1C-2494A0C2647A}.Release|Any CPU.ActiveCfg = Release|Any CPU
		{F5934997-E60C-40FE-8F1C-2494A0C2647A}.Release|Any CPU.Build.0 = Release|Any CPU
	EndGlobalSection
	GlobalSection(SolutionProperties) = preSolution
		HideSolutionNode = FALSE
	EndGlobalSection
	GlobalSection(ExtensibilityGlobals) = postSolution
		SolutionGuid = {82007BBB-129D-42BD-839E-02B445EB7DEF}
	EndGlobalSection
EndGlobal
